// !$*UTF8*$!
{
	archiveVersion = 1;
	classes = {
	};
	objectVersion = 50;
	objects = {

/* Begin PBXBuildFile section */
		DE75B31E24EBFC7000381EED /* AppDelegate.swift in Sources */ = {isa = PBXBuildFile; fileRef = DE75B31D24EBFC7000381EED /* AppDelegate.swift */; };
		DE75B32024EBFC7000381EED /* SceneDelegate.swift in Sources */ = {isa = PBXBuildFile; fileRef = DE75B31F24EBFC7000381EED /* SceneDelegate.swift */; };
		DE75B32224EBFC7000381EED /* ViewController.swift in Sources */ = {isa = PBXBuildFile; fileRef = DE75B32124EBFC7000381EED /* ViewController.swift */; };
		DE75B32524EBFC7000381EED /* Main.storyboard in Resources */ = {isa = PBXBuildFile; fileRef = DE75B32324EBFC7000381EED /* Main.storyboard */; };
		DE75B32724EBFC7400381EED /* Assets.xcassets in Resources */ = {isa = PBXBuildFile; fileRef = DE75B32624EBFC7400381EED /* Assets.xcassets */; };
		DE75B32A24EBFC7400381EED /* LaunchScreen.storyboard in Resources */ = {isa = PBXBuildFile; fileRef = DE75B32824EBFC7400381EED /* LaunchScreen.storyboard */; };
		DE75B33524EBFC7400381EED /* textTests.swift in Sources */ = {isa = PBXBuildFile; fileRef = DE75B33424EBFC7400381EED /* textTests.swift */; };
		DE75B34024EBFC7400381EED /* textUITests.swift in Sources */ = {isa = PBXBuildFile; fileRef = DE75B33F24EBFC7400381EED /* textUITests.swift */; };
/* End PBXBuildFile section */

/* Begin PBXContainerItemProxy section */
		DE75B33124EBFC7400381EED /* PBXContainerItemProxy */ = {
			isa = PBXContainerItemProxy;
			containerPortal = DE75B31224EBFC7000381EED /* Project object */;
			proxyType = 1;
			remoteGlobalIDString = DE75B31924EBFC7000381EED;
			remoteInfo = text;
		};
		DE75B33C24EBFC7400381EED /* PBXContainerItemProxy */ = {
			isa = PBXContainerItemProxy;
			containerPortal = DE75B31224EBFC7000381EED /* Project object */;
			proxyType = 1;
			remoteGlobalIDString = DE75B31924EBFC7000381EED;
			remoteInfo = text;
		};
/* End PBXContainerItemProxy section */

/* Begin PBXFileReference section */
		DE75B31A24EBFC7000381EED /* text.app */ = {isa = PBXFileReference; explicitFileType = wrapper.application; includeInIndex = 0; path = text.app; sourceTree = BUILT_PRODUCTS_DIR; };
		DE75B31D24EBFC7000381EED /* AppDelegate.swift */ = {isa = PBXFileReference; lastKnownFileType = sourcecode.swift; path = AppDelegate.swift; sourceTree = "<group>"; };
		DE75B31F24EBFC7000381EED /* SceneDelegate.swift */ = {isa = PBXFileReference; lastKnownFileType = sourcecode.swift; path = SceneDelegate.swift; sourceTree = "<group>"; };
		DE75B32124EBFC7000381EED /* ViewController.swift */ = {isa = PBXFileReference; lastKnownFileType = sourcecode.swift; path = ViewController.swift; sourceTree = "<group>"; };
		DE75B32424EBFC7000381EED /* Base */ = {isa = PBXFileReference; lastKnownFileType = file.storyboard; name = Base; path = Base.lproj/Main.storyboard; sourceTree = "<group>"; };
		DE75B32624EBFC7400381EED /* Assets.xcassets */ = {isa = PBXFileReference; lastKnownFileType = folder.assetcatalog; path = Assets.xcassets; sourceTree = "<group>"; };
		DE75B32924EBFC7400381EED /* Base */ = {isa = PBXFileReference; lastKnownFileType = file.storyboard; name = Base; path = Base.lproj/LaunchScreen.storyboard; sourceTree = "<group>"; };
		DE75B32B24EBFC7400381EED /* Info.plist */ = {isa = PBXFileReference; lastKnownFileType = text.plist.xml; path = Info.plist; sourceTree = "<group>"; };
		DE75B33024EBFC7400381EED /* textTests.xctest */ = {isa = PBXFileReference; explicitFileType = wrapper.cfbundle; includeInIndex = 0; path = textTests.xctest; sourceTree = BUILT_PRODUCTS_DIR; };
		DE75B33424EBFC7400381EED /* textTests.swift */ = {isa = PBXFileReference; lastKnownFileType = sourcecode.swift; path = textTests.swift; sourceTree = "<group>"; };
		DE75B33624EBFC7400381EED /* Info.plist */ = {isa = PBXFileReference; lastKnownFileType = text.plist.xml; path = Info.plist; sourceTree = "<group>"; };
		DE75B33B24EBFC7400381EED /* textUITests.xctest */ = {isa = PBXFileReference; explicitFileType = wrapper.cfbundle; includeInIndex = 0; path = textUITests.xctest; sourceTree = BUILT_PRODUCTS_DIR; };
		DE75B33F24EBFC7400381EED /* textUITests.swift */ = {isa = PBXFileReference; lastKnownFileType = sourcecode.swift; path = textUITests.swift; sourceTree = "<group>"; };
		DE75B34124EBFC7400381EED /* Info.plist */ = {isa = PBXFileReference; lastKnownFileType = text.plist.xml; path = Info.plist; sourceTree = "<group>"; };
/* End PBXFileReference section */

/* Begin PBXFrameworksBuildPhase section */
		DE75B31724EBFC7000381EED /* Frameworks */ = {
			isa = PBXFrameworksBuildPhase;
			buildActionMask = 2147483647;
			files = (
			);
			runOnlyForDeploymentPostprocessing = 0;
		};
		DE75B32D24EBFC7400381EED /* Frameworks */ = {
			isa = PBXFrameworksBuildPhase;
			buildActionMask = 2147483647;
			files = (
			);
			runOnlyForDeploymentPostprocessing = 0;
		};
		DE75B33824EBFC7400381EED /* Frameworks */ = {
			isa = PBXFrameworksBuildPhase;
			buildActionMask = 2147483647;
			files = (
			);
			runOnlyForDeploymentPostprocessing = 0;
		};
/* End PBXFrameworksBuildPhase section */

/* Begin PBXGroup section */
		DE75B31124EBFC7000381EED = {
			isa = PBXGroup;
			children = (
				DE75B31C24EBFC7000381EED /* text */,
				DE75B33324EBFC7400381EED /* textTests */,
				DE75B33E24EBFC7400381EED /* textUITests */,
				DE75B31B24EBFC7000381EED /* Products */,
			);
			sourceTree = "<group>";
		};
		DE75B31B24EBFC7000381EED /* Products */ = {
			isa = PBXGroup;
			children = (
				DE75B31A24EBFC7000381EED /* text.app */,
				DE75B33024EBFC7400381EED /* textTests.xctest */,
				DE75B33B24EBFC7400381EED /* textUITests.xctest */,
			);
			name = Products;
			sourceTree = "<group>";
		};
		DE75B31C24EBFC7000381EED /* text */ = {
			isa = PBXGroup;
			children = (
				DE75B31D24EBFC7000381EED /* AppDelegate.swift */,
				DE75B31F24EBFC7000381EED /* SceneDelegate.swift */,
				DE75B32124EBFC7000381EED /* ViewController.swift */,
				DE75B32324EBFC7000381EED /* Main.storyboard */,
				DE75B32624EBFC7400381EED /* Assets.xcassets */,
				DE75B32824EBFC7400381EED /* LaunchScreen.storyboard */,
				DE75B32B24EBFC7400381EED /* Info.plist */,
			);
			path = text;
			sourceTree = "<group>";
		};
		DE75B33324EBFC7400381EED /* textTests */ = {
			isa = PBXGroup;
			children = (
				DE75B33424EBFC7400381EED /* textTests.swift */,
				DE75B33624EBFC7400381EED /* Info.plist */,
			);
			path = textTests;
			sourceTree = "<group>";
		};
		DE75B33E24EBFC7400381EED /* textUITests */ = {
			isa = PBXGroup;
			children = (
				DE75B33F24EBFC7400381EED /* textUITests.swift */,
				DE75B34124EBFC7400381EED /* Info.plist */,
			);
			path = textUITests;
			sourceTree = "<group>";
		};
/* End PBXGroup section */

/* Begin PBXNativeTarget section */
		DE75B31924EBFC7000381EED /* text */ = {
			isa = PBXNativeTarget;
			buildConfigurationList = DE75B34424EBFC7400381EED /* Build configuration list for PBXNativeTarget "text" */;
			buildPhases = (
				DE75B31624EBFC7000381EED /* Sources */,
				DE75B31724EBFC7000381EED /* Frameworks */,
				DE75B31824EBFC7000381EED /* Resources */,
			);
			buildRules = (
			);
			dependencies = (
			);
			name = text;
			productName = text;
			productReference = DE75B31A24EBFC7000381EED /* text.app */;
			productType = "com.apple.product-type.application";
		};
		DE75B32F24EBFC7400381EED /* textTests */ = {
			isa = PBXNativeTarget;
			buildConfigurationList = DE75B34724EBFC7400381EED /* Build configuration list for PBXNativeTarget "textTests" */;
			buildPhases = (
				DE75B32C24EBFC7400381EED /* Sources */,
				DE75B32D24EBFC7400381EED /* Frameworks */,
				DE75B32E24EBFC7400381EED /* Resources */,
			);
			buildRules = (
			);
			dependencies = (
				DE75B33224EBFC7400381EED /* PBXTargetDependency */,
			);
			name = textTests;
			productName = textTests;
			productReference = DE75B33024EBFC7400381EED /* textTests.xctest */;
			productType = "com.apple.product-type.bundle.unit-test";
		};
		DE75B33A24EBFC7400381EED /* textUITests */ = {
			isa = PBXNativeTarget;
			buildConfigurationList = DE75B34A24EBFC7400381EED /* Build configuration list for PBXNativeTarget "textUITests" */;
			buildPhases = (
				DE75B33724EBFC7400381EED /* Sources */,
				DE75B33824EBFC7400381EED /* Frameworks */,
				DE75B33924EBFC7400381EED /* Resources */,
			);
			buildRules = (
			);
			dependencies = (
				DE75B33D24EBFC7400381EED /* PBXTargetDependency */,
			);
			name = textUITests;
			productName = textUITests;
			productReference = DE75B33B24EBFC7400381EED /* textUITests.xctest */;
			productType = "com.apple.product-type.bundle.ui-testing";
		};
/* End PBXNativeTarget section */

/* Begin PBXProject section */
		DE75B31224EBFC7000381EED /* Project object */ = {
			isa = PBXProject;
			attributes = {
				LastSwiftUpdateCheck = 1130;
				LastUpgradeCheck = 1130;
				ORGANIZATIONNAME = massu_fun;
				TargetAttributes = {
					DE75B31924EBFC7000381EED = {
						CreatedOnToolsVersion = 11.3.1;
					};
					DE75B32F24EBFC7400381EED = {
						CreatedOnToolsVersion = 11.3.1;
						TestTargetID = DE75B31924EBFC7000381EED;
					};
					DE75B33A24EBFC7400381EED = {
						CreatedOnToolsVersion = 11.3.1;
						TestTargetID = DE75B31924EBFC7000381EED;
					};
				};
			};
			buildConfigurationList = DE75B31524EBFC7000381EED /* Build configuration list for PBXProject "text" */;
			compatibilityVersion = "Xcode 9.3";
			developmentRegion = en;
			hasScannedForEncodings = 0;
			knownRegions = (
				en,
				Base,
			);
			mainGroup = DE75B31124EBFC7000381EED;
			productRefGroup = DE75B31B24EBFC7000381EED /* Products */;
			projectDirPath = "";
			projectRoot = "";
			targets = (
				DE75B31924EBFC7000381EED /* text */,
				DE75B32F24EBFC7400381EED /* textTests */,
				DE75B33A24EBFC7400381EED /* textUITests */,
			);
		};
/* End PBXProject section */

/* Begin PBXResourcesBuildPhase section */
		DE75B31824EBFC7000381EED /* Resources */ = {
			isa = PBXResourcesBuildPhase;
			buildActionMask = 2147483647;
			files = (
				DE75B32A24EBFC7400381EED /* LaunchScreen.storyboard in Resources */,
				DE75B32724EBFC7400381EED /* Assets.xcassets in Resources */,
				DE75B32524EBFC7000381EED /* Main.storyboard in Resources */,
			);
			runOnlyForDeploymentPostprocessing = 0;
		};
		DE75B32E24EBFC7400381EED /* Resources */ = {
			isa = PBXResourcesBuildPhase;
			buildActionMask = 2147483647;
			files = (
			);
			runOnlyForDeploymentPostprocessing = 0;
		};
		DE75B33924EBFC7400381EED /* Resources */ = {
			isa = PBXResourcesBuildPhase;
			buildActionMask = 2147483647;
			files = (
			);
			runOnlyForDeploymentPostprocessing = 0;
		};
/* End PBXResourcesBuildPhase section */

/* Begin PBXSourcesBuildPhase section */
		DE75B31624EBFC7000381EED /* Sources */ = {
			isa = PBXSourcesBuildPhase;
			buildActionMask = 2147483647;
			files = (
				DE75B32224EBFC7000381EED /* ViewController.swift in Sources */,
				DE75B31E24EBFC7000381EED /* AppDelegate.swift in Sources */,
				DE75B32024EBFC7000381EED /* SceneDelegate.swift in Sources */,
			);
			runOnlyForDeploymentPostprocessing = 0;
		};
		DE75B32C24EBFC7400381EED /* Sources */ = {
			isa = PBXSourcesBuildPhase;
			buildActionMask = 2147483647;
			files = (
				DE75B33524EBFC7400381EED /* textTests.swift in Sources */,
			);
			runOnlyForDeploymentPostprocessing = 0;
		};
		DE75B33724EBFC7400381EED /* Sources */ = {
			isa = PBXSourcesBuildPhase;
			buildActionMask = 2147483647;
			files = (
				DE75B34024EBFC7400381EED /* textUITests.swift in Sources */,
			);
			runOnlyForDeploymentPostprocessing = 0;
		};
/* End PBXSourcesBuildPhase section */

/* Begin PBXTargetDependency section */
		DE75B33224EBFC7400381EED /* PBXTargetDependency */ = {
			isa = PBXTargetDependency;
			target = DE75B31924EBFC7000381EED /* text */;
			targetProxy = DE75B33124EBFC7400381EED /* PBXContainerItemProxy */;
		};
		DE75B33D24EBFC7400381EED /* PBXTargetDependency */ = {
			isa = PBXTargetDependency;
			target = DE75B31924EBFC7000381EED /* text */;
			targetProxy = DE75B33C24EBFC7400381EED /* PBXContainerItemProxy */;
		};
/* End PBXTargetDependency section */

/* Begin PBXVariantGroup section */
		DE75B32324EBFC7000381EED /* Main.storyboard */ = {
			isa = PBXVariantGroup;
			children = (
				DE75B32424EBFC7000381EED /* Base */,
			);
			name = Main.storyboard;
			sourceTree = "<group>";
		};
		DE75B32824EBFC7400381EED /* LaunchScreen.storyboard */ = {
			isa = PBXVariantGroup;
			children = (
				DE75B32924EBFC7400381EED /* Base */,
			);
			name = LaunchScreen.storyboard;
			sourceTree = "<group>";
		};
/* End PBXVariantGroup section */

/* Begin XCBuildConfiguration section */
		DE75B34224EBFC7400381EED /* Debug */ = {
			isa = XCBuildConfiguration;
			buildSettings = {
				ALWAYS_SEARCH_USER_PATHS = NO;
				CLANG_ANALYZER_NONNULL = YES;
				CLANG_ANALYZER_NUMBER_OBJECT_CONVERSION = YES_AGGRESSIVE;
				CLANG_CXX_LANGUAGE_STANDARD = "gnu++14";
				CLANG_CXX_LIBRARY = "libc++";
				CLANG_ENABLE_MODULES = YES;
				CLANG_ENABLE_OBJC_ARC = YES;
				CLANG_ENABLE_OBJC_WEAK = YES;
				CLANG_WARN_BLOCK_CAPTURE_AUTORELEASING = YES;
				CLANG_WARN_BOOL_CONVERSION = YES;
				CLANG_WARN_COMMA = YES;
				CLANG_WARN_CONSTANT_CONVERSION = YES;
				CLANG_WARN_DEPRECATED_OBJC_IMPLEMENTATIONS = YES;
				CLANG_WARN_DIRECT_OBJC_ISA_USAGE = YES_ERROR;
				CLANG_WARN_DOCUMENTATION_COMMENTS = YES;
				CLANG_WARN_EMPTY_BODY = YES;
				CLANG_WARN_ENUM_CONVERSION = YES;
				CLANG_WARN_INFINITE_RECURSION = YES;
				CLANG_WARN_INT_CONVERSION = YES;
				CLANG_WARN_NON_LITERAL_NULL_CONVERSION = YES;
				CLANG_WARN_OBJC_IMPLICIT_RETAIN_SELF = YES;
				CLANG_WARN_OBJC_LITERAL_CONVERSION = YES;
				CLANG_WARN_OBJC_ROOT_CLASS = YES_ERROR;
				CLANG_WARN_RANGE_LOOP_ANALYSIS = YES;
				CLANG_WARN_STRICT_PROTOTYPES = YES;
				CLANG_WARN_SUSPICIOUS_MOVE = YES;
				CLANG_WARN_UNGUARDED_AVAILABILITY = YES_AGGRESSIVE;
				CLANG_WARN_UNREACHABLE_CODE = YES;
				CLANG_WARN__DUPLICATE_METHOD_MATCH = YES;
				COPY_PHASE_STRIP = NO;
				DEBUG_INFORMATION_FORMAT = dwarf;
				ENABLE_STRICT_OBJC_MSGSEND = YES;
				ENABLE_TESTABILITY = YES;
				GCC_C_LANGUAGE_STANDARD = gnu11;
				GCC_DYNAMIC_NO_PIC = NO;
				GCC_NO_COMMON_BLOCKS = YES;
				GCC_OPTIMIZATION_LEVEL = 0;
				GCC_PREPROCESSOR_DEFINITIONS = (
					"DEBUG=1",
					"$(inherited)",
				);
				GCC_WARN_64_TO_32_BIT_CONVERSION = YES;
				GCC_WARN_ABOUT_RETURN_TYPE = YES_ERROR;
				GCC_WARN_UNDECLARED_SELECTOR = YES;
				GCC_WARN_UNINITIALIZED_AUTOS = YES_AGGRESSIVE;
				GCC_WARN_UNUSED_FUNCTION = YES;
				GCC_WARN_UNUSED_VARIABLE = YES;
				IPHONEOS_DEPLOYMENT_TARGET = 13.2;
				MTL_ENABLE_DEBUG_INFO = INCLUDE_SOURCE;
				MTL_FAST_MATH = YES;
				ONLY_ACTIVE_ARCH = YES;
				SDKROOT = iphoneos;
				SWIFT_ACTIVE_COMPILATION_CONDITIONS = DEBUG;
				SWIFT_OPTIMIZATION_LEVEL = "-Onone";
			};
			name = Debug;
		};
		DE75B34324EBFC7400381EED /* Release */ = {
			isa = XCBuildConfiguration;
			buildSettings = {
				ALWAYS_SEARCH_USER_PATHS = NO;
				CLANG_ANALYZER_NONNULL = YES;
				CLANG_ANALYZER_NUMBER_OBJECT_CONVERSION = YES_AGGRESSIVE;
				CLANG_CXX_LANGUAGE_STANDARD = "gnu++14";
				CLANG_CXX_LIBRARY = "libc++";
				CLANG_ENABLE_MODULES = YES;
				CLANG_ENABLE_OBJC_ARC = YES;
				CLANG_ENABLE_OBJC_WEAK = YES;
				CLANG_WARN_BLOCK_CAPTURE_AUTORELEASING = YES;
				CLANG_WARN_BOOL_CONVERSION = YES;
				CLANG_WARN_COMMA = YES;
				CLANG_WARN_CONSTANT_CONVERSION = YES;
				CLANG_WARN_DEPRECATED_OBJC_IMPLEMENTATIONS = YES;
				CLANG_WARN_DIRECT_OBJC_ISA_USAGE = YES_ERROR;
				CLANG_WARN_DOCUMENTATION_COMMENTS = YES;
				CLANG_WARN_EMPTY_BODY = YES;
				CLANG_WARN_ENUM_CONVERSION = YES;
				CLANG_WARN_INFINITE_RECURSION = YES;
				CLANG_WARN_INT_CONVERSION = YES;
				CLANG_WARN_NON_LITERAL_NULL_CONVERSION = YES;
				CLANG_WARN_OBJC_IMPLICIT_RETAIN_SELF = YES;
				CLANG_WARN_OBJC_LITERAL_CONVERSION = YES;
				CLANG_WARN_OBJC_ROOT_CLASS = YES_ERROR;
				CLANG_WARN_RANGE_LOOP_ANALYSIS = YES;
				CLANG_WARN_STRICT_PROTOTYPES = YES;
				CLANG_WARN_SUSPICIOUS_MOVE = YES;
				CLANG_WARN_UNGUARDED_AVAILABILITY = YES_AGGRESSIVE;
				CLANG_WARN_UNREACHABLE_CODE = YES;
				CLANG_WARN__DUPLICATE_METHOD_MATCH = YES;
				COPY_PHASE_STRIP = NO;
				DEBUG_INFORMATION_FORMAT = "dwarf-with-dsym";
				ENABLE_NS_ASSERTIONS = NO;
				ENABLE_STRICT_OBJC_MSGSEND = YES;
				GCC_C_LANGUAGE_STANDARD = gnu11;
				GCC_NO_COMMON_BLOCKS = YES;
				GCC_WARN_64_TO_32_BIT_CONVERSION = YES;
				GCC_WARN_ABOUT_RETURN_TYPE = YES_ERROR;
				GCC_WARN_UNDECLARED_SELECTOR = YES;
				GCC_WARN_UNINITIALIZED_AUTOS = YES_AGGRESSIVE;
				GCC_WARN_UNUSED_FUNCTION = YES;
				GCC_WARN_UNUSED_VARIABLE = YES;
				IPHONEOS_DEPLOYMENT_TARGET = 13.2;
				MTL_ENABLE_DEBUG_INFO = NO;
				MTL_FAST_MATH = YES;
				SDKROOT = iphoneos;
				SWIFT_COMPILATION_MODE = wholemodule;
				SWIFT_OPTIMIZATION_LEVEL = "-O";
				VALIDATE_PRODUCT = YES;
			};
			name = Release;
		};
		DE75B34524EBFC7400381EED /* Debug */ = {
			isa = XCBuildConfiguration;
			buildSettings = {
				ASSETCATALOG_COMPILER_APPICON_NAME = AppIcon;
				CODE_SIGN_STYLE = Automatic;
				INFOPLIST_FILE = text/Info.plist;
				LD_RUNPATH_SEARCH_PATHS = (
					"$(inherited)",
					"@executable_path/Frameworks",
				);
				PRODUCT_BUNDLE_IDENTIFIER = "massu-fun.text";
				PRODUCT_NAME = "$(TARGET_NAME)";
				SWIFT_VERSION = 5.0;
				TARGETED_DEVICE_FAMILY = "1,2";
			};
			name = Debug;
		};
		DE75B34624EBFC7400381EED /* Release */ = {
			isa = XCBuildConfiguration;
			buildSettings = {
				ASSETCATALOG_COMPILER_APPICON_NAME = AppIcon;
				CODE_SIGN_STYLE = Automatic;
				INFOPLIST_FILE = text/Info.plist;
				LD_RUNPATH_SEARCH_PATHS = (
					"$(inherited)",
					"@executable_path/Frameworks",
				);
				PRODUCT_BUNDLE_IDENTIFIER = "massu-fun.text";
				PRODUCT_NAME = "$(TARGET_NAME)";
				SWIFT_VERSION = 5.0;
				TARGETED_DEVICE_FAMILY = "1,2";
			};
			name = Release;
		};
		DE75B34824EBFC7400381EED /* Debug */ = {
			isa = XCBuildConfiguration;
			buildSettings = {
				ALWAYS_EMBED_SWIFT_STANDARD_LIBRARIES = YES;
				BUNDLE_LOADER = "$(TEST_HOST)";
				CODE_SIGN_STYLE = Automatic;
				INFOPLIST_FILE = textTests/Info.plist;
				IPHONEOS_DEPLOYMENT_TARGET = 13.2;
				LD_RUNPATH_SEARCH_PATHS = (
					"$(inherited)",
					"@executable_path/Frameworks",
					"@loader_path/Frameworks",
				);
				PRODUCT_BUNDLE_IDENTIFIER = "massu-fun.textTests";
				PRODUCT_NAME = "$(TARGET_NAME)";
				SWIFT_VERSION = 5.0;
				TARGETED_DEVICE_FAMILY = "1,2";
				TEST_HOST = "$(BUILT_PRODUCTS_DIR)/text.app/text";
			};
			name = Debug;
		};
		DE75B34924EBFC7400381EED /* Release */ = {
			isa = XCBuildConfiguration;
			buildSettings = {
				ALWAYS_EMBED_SWIFT_STANDARD_LIBRARIES = YES;
				BUNDLE_LOADER = "$(TEST_HOST)";
				CODE_SIGN_STYLE = Automatic;
				INFOPLIST_FILE = textTests/Info.plist;
				IPHONEOS_DEPLOYMENT_TARGET = 13.2;
				LD_RUNPATH_SEARCH_PATHS = (
					"$(inherited)",
					"@executable_path/Frameworks",
					"@loader_path/Frameworks",
				);
				PRODUCT_BUNDLE_IDENTIFIER = "massu-fun.textTests";
				PRODUCT_NAME = "$(TARGET_NAME)";
				SWIFT_VERSION = 5.0;
				TARGETED_DEVICE_FAMILY = "1,2";
				TEST_HOST = "$(BUILT_PRODUCTS_DIR)/text.app/text";
			};
			name = Release;
		};
		DE75B34B24EBFC7400381EED /* Debug */ = {
			isa = XCBuildConfiguration;
			buildSettings = {
				ALWAYS_EMBED_SWIFT_STANDARD_LIBRARIES = YES;
				CODE_SIGN_STYLE = Automatic;
				INFOPLIST_FILE = textUITests/Info.plist;
				LD_RUNPATH_SEARCH_PATHS = (
					"$(inherited)",
					"@executable_path/Frameworks",
					"@loader_path/Frameworks",
				);
				PRODUCT_BUNDLE_IDENTIFIER = "massu-fun.textUITests";
				PRODUCT_NAME = "$(TARGET_NAME)";
				SWIFT_VERSION = 5.0;
				TARGETED_DEVICE_FAMILY = "1,2";
				TEST_TARGET_NAME = text;
			};
			name = Debug;
		};
		DE75B34C24EBFC7400381EED /* Release */ = {
			isa = XCBuildConfiguration;
			buildSettings = {
				ALWAYS_EMBED_SWIFT_STANDARD_LIBRARIES = YES;
				CODE_SIGN_STYLE = Automatic;
				INFOPLIST_FILE = textUITests/Info.plist;
				LD_RUNPATH_SEARCH_PATHS = (
					"$(inherited)",
					"@executable_path/Frameworks",
					"@loader_path/Frameworks",
				);
				PRODUCT_BUNDLE_IDENTIFIER = "massu-fun.textUITests";
				PRODUCT_NAME = "$(TARGET_NAME)";
				SWIFT_VERSION = 5.0;
				TARGETED_DEVICE_FAMILY = "1,2";
				TEST_TARGET_NAME = text;
			};
			name = Release;
		};
/* End XCBuildConfiguration section */

/* Begin XCConfigurationList section */
		DE75B31524EBFC7000381EED /* Build configuration list for PBXProject "text" */ = {
			isa = XCConfigurationList;
			buildConfigurations = (
				DE75B34224EBFC7400381EED /* Debug */,
				DE75B34324EBFC7400381EED /* Release */,
			);
			defaultConfigurationIsVisible = 0;
			defaultConfigurationName = Release;
		};
		DE75B34424EBFC7400381EED /* Build configuration list for PBXNativeTarget "text" */ = {
			isa = XCConfigurationList;
			buildConfigurations = (
				DE75B34524EBFC7400381EED /* Debug */,
				DE75B34624EBFC7400381EED /* Release */,
			);
			defaultConfigurationIsVisible = 0;
			defaultConfigurationName = Release;
		};
		DE75B34724EBFC7400381EED /* Build configuration list for PBXNativeTarget "textTests" */ = {
			isa = XCConfigurationList;
			buildConfigurations = (
				DE75B34824EBFC7400381EED /* Debug */,
				DE75B34924EBFC7400381EED /* Release */,
			);
			defaultConfigurationIsVisible = 0;
			defaultConfigurationName = Release;
		};
		DE75B34A24EBFC7400381EED /* Build configuration list for PBXNativeTarget "textUITests" */ = {
			isa = XCConfigurationList;
			buildConfigurations = (
				DE75B34B24EBFC7400381EED /* Debug */,
				DE75B34C24EBFC7400381EED /* Release */,
			);
			defaultConfigurationIsVisible = 0;
			defaultConfigurationName = Release;
		};
/* End XCConfigurationList section */
	};
	rootObject = DE75B31224EBFC7000381EED /* Project object */;
}
