// !$*UTF8*$!
{
	archiveVersion = 1;
	classes = {
	};
	objectVersion = 50;
	objects = {

/* Begin PBXBuildFile section */
		DE75B35A24EC3D9700381EED /* AppDelegate.swift in Sources */ = {isa = PBXBuildFile; fileRef = DE75B35924EC3D9700381EED /* AppDelegate.swift */; };
		DE75B35C24EC3D9700381EED /* SceneDelegate.swift in Sources */ = {isa = PBXBuildFile; fileRef = DE75B35B24EC3D9700381EED /* SceneDelegate.swift */; };
		DE75B35E24EC3D9700381EED /* ViewController.swift in Sources */ = {isa = PBXBuildFile; fileRef = DE75B35D24EC3D9700381EED /* ViewController.swift */; };
		DE75B36124EC3D9800381EED /* Main.storyboard in Resources */ = {isa = PBXBuildFile; fileRef = DE75B35F24EC3D9800381EED /* Main.storyboard */; };
		DE75B36324EC3D9F00381EED /* Assets.xcassets in Resources */ = {isa = PBXBuildFile; fileRef = DE75B36224EC3D9F00381EED /* Assets.xcassets */; };
		DE75B36624EC3D9F00381EED /* LaunchScreen.storyboard in Resources */ = {isa = PBXBuildFile; fileRef = DE75B36424EC3D9F00381EED /* LaunchScreen.storyboard */; };
		DE75B37124EC3DA000381EED /* noUseViewTests.swift in Sources */ = {isa = PBXBuildFile; fileRef = DE75B37024EC3DA000381EED /* noUseViewTests.swift */; };
		DE75B37C24EC3DA000381EED /* noUseViewUITests.swift in Sources */ = {isa = PBXBuildFile; fileRef = DE75B37B24EC3DA000381EED /* noUseViewUITests.swift */; };
/* End PBXBuildFile section */

/* Begin PBXContainerItemProxy section */
		DE75B36D24EC3DA000381EED /* PBXContainerItemProxy */ = {
			isa = PBXContainerItemProxy;
			containerPortal = DE75B34E24EC3D9700381EED /* Project object */;
			proxyType = 1;
			remoteGlobalIDString = DE75B35524EC3D9700381EED;
			remoteInfo = noUseView;
		};
		DE75B37824EC3DA000381EED /* PBXContainerItemProxy */ = {
			isa = PBXContainerItemProxy;
			containerPortal = DE75B34E24EC3D9700381EED /* Project object */;
			proxyType = 1;
			remoteGlobalIDString = DE75B35524EC3D9700381EED;
			remoteInfo = noUseView;
		};
/* End PBXContainerItemProxy section */

/* Begin PBXFileReference section */
		DE75B35624EC3D9700381EED /* noUseView.app */ = {isa = PBXFileReference; explicitFileType = wrapper.application; includeInIndex = 0; path = noUseView.app; sourceTree = BUILT_PRODUCTS_DIR; };
		DE75B35924EC3D9700381EED /* AppDelegate.swift */ = {isa = PBXFileReference; lastKnownFileType = sourcecode.swift; path = AppDelegate.swift; sourceTree = "<group>"; };
		DE75B35B24EC3D9700381EED /* SceneDelegate.swift */ = {isa = PBXFileReference; lastKnownFileType = sourcecode.swift; path = SceneDelegate.swift; sourceTree = "<group>"; };
		DE75B35D24EC3D9700381EED /* ViewController.swift */ = {isa = PBXFileReference; lastKnownFileType = sourcecode.swift; path = ViewController.swift; sourceTree = "<group>"; };
		DE75B36024EC3D9800381EED /* Base */ = {isa = PBXFileReference; lastKnownFileType = file.storyboard; name = Base; path = Base.lproj/Main.storyboard; sourceTree = "<group>"; };
		DE75B36224EC3D9F00381EED /* Assets.xcassets */ = {isa = PBXFileReference; lastKnownFileType = folder.assetcatalog; path = Assets.xcassets; sourceTree = "<group>"; };
		DE75B36524EC3D9F00381EED /* Base */ = {isa = PBXFileReference; lastKnownFileType = file.storyboard; name = Base; path = Base.lproj/LaunchScreen.storyboard; sourceTree = "<group>"; };
		DE75B36724EC3D9F00381EED /* Info.plist */ = {isa = PBXFileReference; lastKnownFileType = text.plist.xml; path = Info.plist; sourceTree = "<group>"; };
		DE75B36C24EC3DA000381EED /* noUseViewTests.xctest */ = {isa = PBXFileReference; explicitFileType = wrapper.cfbundle; includeInIndex = 0; path = noUseViewTests.xctest; sourceTree = BUILT_PRODUCTS_DIR; };
		DE75B37024EC3DA000381EED /* noUseViewTests.swift */ = {isa = PBXFileReference; lastKnownFileType = sourcecode.swift; path = noUseViewTests.swift; sourceTree = "<group>"; };
		DE75B37224EC3DA000381EED /* Info.plist */ = {isa = PBXFileReference; lastKnownFileType = text.plist.xml; path = Info.plist; sourceTree = "<group>"; };
		DE75B37724EC3DA000381EED /* noUseViewUITests.xctest */ = {isa = PBXFileReference; explicitFileType = wrapper.cfbundle; includeInIndex = 0; path = noUseViewUITests.xctest; sourceTree = BUILT_PRODUCTS_DIR; };
		DE75B37B24EC3DA000381EED /* noUseViewUITests.swift */ = {isa = PBXFileReference; lastKnownFileType = sourcecode.swift; path = noUseViewUITests.swift; sourceTree = "<group>"; };
		DE75B37D24EC3DA000381EED /* Info.plist */ = {isa = PBXFileReference; lastKnownFileType = text.plist.xml; path = Info.plist; sourceTree = "<group>"; };
/* End PBXFileReference section */

/* Begin PBXFrameworksBuildPhase section */
		DE75B35324EC3D9700381EED /* Frameworks */ = {
			isa = PBXFrameworksBuildPhase;
			buildActionMask = 2147483647;
			files = (
			);
			runOnlyForDeploymentPostprocessing = 0;
		};
		DE75B36924EC3DA000381EED /* Frameworks */ = {
			isa = PBXFrameworksBuildPhase;
			buildActionMask = 2147483647;
			files = (
			);
			runOnlyForDeploymentPostprocessing = 0;
		};
		DE75B37424EC3DA000381EED /* Frameworks */ = {
			isa = PBXFrameworksBuildPhase;
			buildActionMask = 2147483647;
			files = (
			);
			runOnlyForDeploymentPostprocessing = 0;
		};
/* End PBXFrameworksBuildPhase section */

/* Begin PBXGroup section */
		DE75B34D24EC3D9700381EED = {
			isa = PBXGroup;
			children = (
				DE75B35824EC3D9700381EED /* noUseView */,
				DE75B36F24EC3DA000381EED /* noUseViewTests */,
				DE75B37A24EC3DA000381EED /* noUseViewUITests */,
				DE75B35724EC3D9700381EED /* Products */,
			);
			sourceTree = "<group>";
		};
		DE75B35724EC3D9700381EED /* Products */ = {
			isa = PBXGroup;
			children = (
				DE75B35624EC3D9700381EED /* noUseView.app */,
				DE75B36C24EC3DA000381EED /* noUseViewTests.xctest */,
				DE75B37724EC3DA000381EED /* noUseViewUITests.xctest */,
			);
			name = Products;
			sourceTree = "<group>";
		};
		DE75B35824EC3D9700381EED /* noUseView */ = {
			isa = PBXGroup;
			children = (
				DE75B35924EC3D9700381EED /* AppDelegate.swift */,
				DE75B35B24EC3D9700381EED /* SceneDelegate.swift */,
				DE75B35D24EC3D9700381EED /* ViewController.swift */,
				DE75B35F24EC3D9800381EED /* Main.storyboard */,
				DE75B36224EC3D9F00381EED /* Assets.xcassets */,
				DE75B36424EC3D9F00381EED /* LaunchScreen.storyboard */,
				DE75B36724EC3D9F00381EED /* Info.plist */,
			);
			path = noUseView;
			sourceTree = "<group>";
		};
		DE75B36F24EC3DA000381EED /* noUseViewTests */ = {
			isa = PBXGroup;
			children = (
				DE75B37024EC3DA000381EED /* noUseViewTests.swift */,
				DE75B37224EC3DA000381EED /* Info.plist */,
			);
			path = noUseViewTests;
			sourceTree = "<group>";
		};
		DE75B37A24EC3DA000381EED /* noUseViewUITests */ = {
			isa = PBXGroup;
			children = (
				DE75B37B24EC3DA000381EED /* noUseViewUITests.swift */,
				DE75B37D24EC3DA000381EED /* Info.plist */,
			);
			path = noUseViewUITests;
			sourceTree = "<group>";
		};
/* End PBXGroup section */

/* Begin PBXNativeTarget section */
		DE75B35524EC3D9700381EED /* noUseView */ = {
			isa = PBXNativeTarget;
			buildConfigurationList = DE75B38024EC3DA000381EED /* Build configuration list for PBXNativeTarget "noUseView" */;
			buildPhases = (
				DE75B35224EC3D9700381EED /* Sources */,
				DE75B35324EC3D9700381EED /* Frameworks */,
				DE75B35424EC3D9700381EED /* Resources */,
			);
			buildRules = (
			);
			dependencies = (
			);
			name = noUseView;
			productName = noUseView;
			productReference = DE75B35624EC3D9700381EED /* noUseView.app */;
			productType = "com.apple.product-type.application";
		};
		DE75B36B24EC3DA000381EED /* noUseViewTests */ = {
			isa = PBXNativeTarget;
			buildConfigurationList = DE75B38324EC3DA000381EED /* Build configuration list for PBXNativeTarget "noUseViewTests" */;
			buildPhases = (
				DE75B36824EC3DA000381EED /* Sources */,
				DE75B36924EC3DA000381EED /* Frameworks */,
				DE75B36A24EC3DA000381EED /* Resources */,
			);
			buildRules = (
			);
			dependencies = (
				DE75B36E24EC3DA000381EED /* PBXTargetDependency */,
			);
			name = noUseViewTests;
			productName = noUseViewTests;
			productReference = DE75B36C24EC3DA000381EED /* noUseViewTests.xctest */;
			productType = "com.apple.product-type.bundle.unit-test";
		};
		DE75B37624EC3DA000381EED /* noUseViewUITests */ = {
			isa = PBXNativeTarget;
			buildConfigurationList = DE75B38624EC3DA000381EED /* Build configuration list for PBXNativeTarget "noUseViewUITests" */;
			buildPhases = (
				DE75B37324EC3DA000381EED /* Sources */,
				DE75B37424EC3DA000381EED /* Frameworks */,
				DE75B37524EC3DA000381EED /* Resources */,
			);
			buildRules = (
			);
			dependencies = (
				DE75B37924EC3DA000381EED /* PBXTargetDependency */,
			);
			name = noUseViewUITests;
			productName = noUseViewUITests;
			productReference = DE75B37724EC3DA000381EED /* noUseViewUITests.xctest */;
			productType = "com.apple.product-type.bundle.ui-testing";
		};
/* End PBXNativeTarget section */

/* Begin PBXProject section */
		DE75B34E24EC3D9700381EED /* Project object */ = {
			isa = PBXProject;
			attributes = {
				LastSwiftUpdateCheck = 1130;
				LastUpgradeCheck = 1130;
				ORGANIZATIONNAME = massu_fun;
				TargetAttributes = {
					DE75B35524EC3D9700381EED = {
						CreatedOnToolsVersion = 11.3.1;
					};
					DE75B36B24EC3DA000381EED = {
						CreatedOnToolsVersion = 11.3.1;
						TestTargetID = DE75B35524EC3D9700381EED;
					};
					DE75B37624EC3DA000381EED = {
						CreatedOnToolsVersion = 11.3.1;
						TestTargetID = DE75B35524EC3D9700381EED;
					};
				};
			};
			buildConfigurationList = DE75B35124EC3D9700381EED /* Build configuration list for PBXProject "noUseView" */;
			compatibilityVersion = "Xcode 9.3";
			developmentRegion = en;
			hasScannedForEncodings = 0;
			knownRegions = (
				en,
				Base,
			);
			mainGroup = DE75B34D24EC3D9700381EED;
			productRefGroup = DE75B35724EC3D9700381EED /* Products */;
			projectDirPath = "";
			projectRoot = "";
			targets = (
				DE75B35524EC3D9700381EED /* noUseView */,
				DE75B36B24EC3DA000381EED /* noUseViewTests */,
				DE75B37624EC3DA000381EED /* noUseViewUITests */,
			);
		};
/* End PBXProject section */

/* Begin PBXResourcesBuildPhase section */
		DE75B35424EC3D9700381EED /* Resources */ = {
			isa = PBXResourcesBuildPhase;
			buildActionMask = 2147483647;
			files = (
				DE75B36624EC3D9F00381EED /* LaunchScreen.storyboard in Resources */,
				DE75B36324EC3D9F00381EED /* Assets.xcassets in Resources */,
				DE75B36124EC3D9800381EED /* Main.storyboard in Resources */,
			);
			runOnlyForDeploymentPostprocessing = 0;
		};
		DE75B36A24EC3DA000381EED /* Resources */ = {
			isa = PBXResourcesBuildPhase;
			buildActionMask = 2147483647;
			files = (
			);
			runOnlyForDeploymentPostprocessing = 0;
		};
		DE75B37524EC3DA000381EED /* Resources */ = {
			isa = PBXResourcesBuildPhase;
			buildActionMask = 2147483647;
			files = (
			);
			runOnlyForDeploymentPostprocessing = 0;
		};
/* End PBXResourcesBuildPhase section */

/* Begin PBXSourcesBuildPhase section */
		DE75B35224EC3D9700381EED /* Sources */ = {
			isa = PBXSourcesBuildPhase;
			buildActionMask = 2147483647;
			files = (
				DE75B35E24EC3D9700381EED /* ViewController.swift in Sources */,
				DE75B35A24EC3D9700381EED /* AppDelegate.swift in Sources */,
				DE75B35C24EC3D9700381EED /* SceneDelegate.swift in Sources */,
			);
			runOnlyForDeploymentPostprocessing = 0;
		};
		DE75B36824EC3DA000381EED /* Sources */ = {
			isa = PBXSourcesBuildPhase;
			buildActionMask = 2147483647;
			files = (
				DE75B37124EC3DA000381EED /* noUseViewTests.swift in Sources */,
			);
			runOnlyForDeploymentPostprocessing = 0;
		};
		DE75B37324EC3DA000381EED /* Sources */ = {
			isa = PBXSourcesBuildPhase;
			buildActionMask = 2147483647;
			files = (
				DE75B37C24EC3DA000381EED /* noUseViewUITests.swift in Sources */,
			);
			runOnlyForDeploymentPostprocessing = 0;
		};
/* End PBXSourcesBuildPhase section */

/* Begin PBXTargetDependency section */
		DE75B36E24EC3DA000381EED /* PBXTargetDependency */ = {
			isa = PBXTargetDependency;
			target = DE75B35524EC3D9700381EED /* noUseView */;
			targetProxy = DE75B36D24EC3DA000381EED /* PBXContainerItemProxy */;
		};
		DE75B37924EC3DA000381EED /* PBXTargetDependency */ = {
			isa = PBXTargetDependency;
			target = DE75B35524EC3D9700381EED /* noUseView */;
			targetProxy = DE75B37824EC3DA000381EED /* PBXContainerItemProxy */;
		};
/* End PBXTargetDependency section */

/* Begin PBXVariantGroup section */
		DE75B35F24EC3D9800381EED /* Main.storyboard */ = {
			isa = PBXVariantGroup;
			children = (
				DE75B36024EC3D9800381EED /* Base */,
			);
			name = Main.storyboard;
			sourceTree = "<group>";
		};
		DE75B36424EC3D9F00381EED /* LaunchScreen.storyboard */ = {
			isa = PBXVariantGroup;
			children = (
				DE75B36524EC3D9F00381EED /* Base */,
			);
			name = LaunchScreen.storyboard;
			sourceTree = "<group>";
		};
/* End PBXVariantGroup section */

/* Begin XCBuildConfiguration section */
		DE75B37E24EC3DA000381EED /* Debug */ = {
			isa = XCBuildConfiguration;
			buildSettings = {
				ALWAYS_SEARCH_USER_PATHS = NO;
				CLANG_ANALYZER_NONNULL = YES;
				CLANG_ANALYZER_NUMBER_OBJECT_CONVERSION = YES_AGGRESSIVE;
				CLANG_CXX_LANGUAGE_STANDARD = "gnu++14";
				CLANG_CXX_LIBRARY = "libc++";
				CLANG_ENABLE_MODULES = YES;
				CLANG_ENABLE_OBJC_ARC = YES;
				CLANG_ENABLE_OBJC_WEAK = YES;
				CLANG_WARN_BLOCK_CAPTURE_AUTORELEASING = YES;
				CLANG_WARN_BOOL_CONVERSION = YES;
				CLANG_WARN_COMMA = YES;
				CLANG_WARN_CONSTANT_CONVERSION = YES;
				CLANG_WARN_DEPRECATED_OBJC_IMPLEMENTATIONS = YES;
				CLANG_WARN_DIRECT_OBJC_ISA_USAGE = YES_ERROR;
				CLANG_WARN_DOCUMENTATION_COMMENTS = YES;
				CLANG_WARN_EMPTY_BODY = YES;
				CLANG_WARN_ENUM_CONVERSION = YES;
				CLANG_WARN_INFINITE_RECURSION = YES;
				CLANG_WARN_INT_CONVERSION = YES;
				CLANG_WARN_NON_LITERAL_NULL_CONVERSION = YES;
				CLANG_WARN_OBJC_IMPLICIT_RETAIN_SELF = YES;
				CLANG_WARN_OBJC_LITERAL_CONVERSION = YES;
				CLANG_WARN_OBJC_ROOT_CLASS = YES_ERROR;
				CLANG_WARN_RANGE_LOOP_ANALYSIS = YES;
				CLANG_WARN_STRICT_PROTOTYPES = YES;
				CLANG_WARN_SUSPICIOUS_MOVE = YES;
				CLANG_WARN_UNGUARDED_AVAILABILITY = YES_AGGRESSIVE;
				CLANG_WARN_UNREACHABLE_CODE = YES;
				CLANG_WARN__DUPLICATE_METHOD_MATCH = YES;
				COPY_PHASE_STRIP = NO;
				DEBUG_INFORMATION_FORMAT = dwarf;
				ENABLE_STRICT_OBJC_MSGSEND = YES;
				ENABLE_TESTABILITY = YES;
				GCC_C_LANGUAGE_STANDARD = gnu11;
				GCC_DYNAMIC_NO_PIC = NO;
				GCC_NO_COMMON_BLOCKS = YES;
				GCC_OPTIMIZATION_LEVEL = 0;
				GCC_PREPROCESSOR_DEFINITIONS = (
					"DEBUG=1",
					"$(inherited)",
				);
				GCC_WARN_64_TO_32_BIT_CONVERSION = YES;
				GCC_WARN_ABOUT_RETURN_TYPE = YES_ERROR;
				GCC_WARN_UNDECLARED_SELECTOR = YES;
				GCC_WARN_UNINITIALIZED_AUTOS = YES_AGGRESSIVE;
				GCC_WARN_UNUSED_FUNCTION = YES;
				GCC_WARN_UNUSED_VARIABLE = YES;
				IPHONEOS_DEPLOYMENT_TARGET = 13.2;
				MTL_ENABLE_DEBUG_INFO = INCLUDE_SOURCE;
				MTL_FAST_MATH = YES;
				ONLY_ACTIVE_ARCH = YES;
				SDKROOT = iphoneos;
				SWIFT_ACTIVE_COMPILATION_CONDITIONS = DEBUG;
				SWIFT_OPTIMIZATION_LEVEL = "-Onone";
			};
			name = Debug;
		};
		DE75B37F24EC3DA000381EED /* Release */ = {
			isa = XCBuildConfiguration;
			buildSettings = {
				ALWAYS_SEARCH_USER_PATHS = NO;
				CLANG_ANALYZER_NONNULL = YES;
				CLANG_ANALYZER_NUMBER_OBJECT_CONVERSION = YES_AGGRESSIVE;
				CLANG_CXX_LANGUAGE_STANDARD = "gnu++14";
				CLANG_CXX_LIBRARY = "libc++";
				CLANG_ENABLE_MODULES = YES;
				CLANG_ENABLE_OBJC_ARC = YES;
				CLANG_ENABLE_OBJC_WEAK = YES;
				CLANG_WARN_BLOCK_CAPTURE_AUTORELEASING = YES;
				CLANG_WARN_BOOL_CONVERSION = YES;
				CLANG_WARN_COMMA = YES;
				CLANG_WARN_CONSTANT_CONVERSION = YES;
				CLANG_WARN_DEPRECATED_OBJC_IMPLEMENTATIONS = YES;
				CLANG_WARN_DIRECT_OBJC_ISA_USAGE = YES_ERROR;
				CLANG_WARN_DOCUMENTATION_COMMENTS = YES;
				CLANG_WARN_EMPTY_BODY = YES;
				CLANG_WARN_ENUM_CONVERSION = YES;
				CLANG_WARN_INFINITE_RECURSION = YES;
				CLANG_WARN_INT_CONVERSION = YES;
				CLANG_WARN_NON_LITERAL_NULL_CONVERSION = YES;
				CLANG_WARN_OBJC_IMPLICIT_RETAIN_SELF = YES;
				CLANG_WARN_OBJC_LITERAL_CONVERSION = YES;
				CLANG_WARN_OBJC_ROOT_CLASS = YES_ERROR;
				CLANG_WARN_RANGE_LOOP_ANALYSIS = YES;
				CLANG_WARN_STRICT_PROTOTYPES = YES;
				CLANG_WARN_SUSPICIOUS_MOVE = YES;
				CLANG_WARN_UNGUARDED_AVAILABILITY = YES_AGGRESSIVE;
				CLANG_WARN_UNREACHABLE_CODE = YES;
				CLANG_WARN__DUPLICATE_METHOD_MATCH = YES;
				COPY_PHASE_STRIP = NO;
				DEBUG_INFORMATION_FORMAT = "dwarf-with-dsym";
				ENABLE_NS_ASSERTIONS = NO;
				ENABLE_STRICT_OBJC_MSGSEND = YES;
				GCC_C_LANGUAGE_STANDARD = gnu11;
				GCC_NO_COMMON_BLOCKS = YES;
				GCC_WARN_64_TO_32_BIT_CONVERSION = YES;
				GCC_WARN_ABOUT_RETURN_TYPE = YES_ERROR;
				GCC_WARN_UNDECLARED_SELECTOR = YES;
				GCC_WARN_UNINITIALIZED_AUTOS = YES_AGGRESSIVE;
				GCC_WARN_UNUSED_FUNCTION = YES;
				GCC_WARN_UNUSED_VARIABLE = YES;
				IPHONEOS_DEPLOYMENT_TARGET = 13.2;
				MTL_ENABLE_DEBUG_INFO = NO;
				MTL_FAST_MATH = YES;
				SDKROOT = iphoneos;
				SWIFT_COMPILATION_MODE = wholemodule;
				SWIFT_OPTIMIZATION_LEVEL = "-O";
				VALIDATE_PRODUCT = YES;
			};
			name = Release;
		};
		DE75B38124EC3DA000381EED /* Debug */ = {
			isa = XCBuildConfiguration;
			buildSettings = {
				ASSETCATALOG_COMPILER_APPICON_NAME = AppIcon;
				CODE_SIGN_STYLE = Automatic;
				INFOPLIST_FILE = noUseView/Info.plist;
				LD_RUNPATH_SEARCH_PATHS = (
					"$(inherited)",
					"@executable_path/Frameworks",
				);
				PRODUCT_BUNDLE_IDENTIFIER = "massu-fun.noUseView";
				PRODUCT_NAME = noUseView;
				SWIFT_VERSION = 5.0;
				TARGETED_DEVICE_FAMILY = "1,2";
			};
			name = Debug;
		};
		DE75B38224EC3DA000381EED /* Release */ = {
			isa = XCBuildConfiguration;
			buildSettings = {
				ASSETCATALOG_COMPILER_APPICON_NAME = AppIcon;
				CODE_SIGN_STYLE = Automatic;
				INFOPLIST_FILE = noUseView/Info.plist;
				LD_RUNPATH_SEARCH_PATHS = (
					"$(inherited)",
					"@executable_path/Frameworks",
				);
				PRODUCT_BUNDLE_IDENTIFIER = "massu-fun.noUseView";
				PRODUCT_NAME = noUseView;
				SWIFT_VERSION = 5.0;
				TARGETED_DEVICE_FAMILY = "1,2";
			};
			name = Release;
		};
		DE75B38424EC3DA000381EED /* Debug */ = {
			isa = XCBuildConfiguration;
			buildSettings = {
				ALWAYS_EMBED_SWIFT_STANDARD_LIBRARIES = YES;
				BUNDLE_LOADER = "$(TEST_HOST)";
				CODE_SIGN_STYLE = Automatic;
				INFOPLIST_FILE = noUseViewTests/Info.plist;
				IPHONEOS_DEPLOYMENT_TARGET = 13.2;
				LD_RUNPATH_SEARCH_PATHS = (
					"$(inherited)",
					"@executable_path/Frameworks",
					"@loader_path/Frameworks",
				);
				PRODUCT_BUNDLE_IDENTIFIER = "massu-fun.noUseViewTests";
				PRODUCT_NAME = "$(TARGET_NAME)";
				SWIFT_VERSION = 5.0;
				TARGETED_DEVICE_FAMILY = "1,2";
				TEST_HOST = "$(BUILT_PRODUCTS_DIR)/noUseView.app/noUseView";
			};
			name = Debug;
		};
		DE75B38524EC3DA000381EED /* Release */ = {
			isa = XCBuildConfiguration;
			buildSettings = {
				ALWAYS_EMBED_SWIFT_STANDARD_LIBRARIES = YES;
				BUNDLE_LOADER = "$(TEST_HOST)";
				CODE_SIGN_STYLE = Automatic;
				INFOPLIST_FILE = noUseViewTests/Info.plist;
				IPHONEOS_DEPLOYMENT_TARGET = 13.2;
				LD_RUNPATH_SEARCH_PATHS = (
					"$(inherited)",
					"@executable_path/Frameworks",
					"@loader_path/Frameworks",
				);
				PRODUCT_BUNDLE_IDENTIFIER = "massu-fun.noUseViewTests";
				PRODUCT_NAME = "$(TARGET_NAME)";
				SWIFT_VERSION = 5.0;
				TARGETED_DEVICE_FAMILY = "1,2";
				TEST_HOST = "$(BUILT_PRODUCTS_DIR)/noUseView.app/noUseView";
			};
			name = Release;
		};
		DE75B38724EC3DA000381EED /* Debug */ = {
			isa = XCBuildConfiguration;
			buildSettings = {
				ALWAYS_EMBED_SWIFT_STANDARD_LIBRARIES = YES;
				CODE_SIGN_STYLE = Automatic;
				INFOPLIST_FILE = noUseViewUITests/Info.plist;
				LD_RUNPATH_SEARCH_PATHS = (
					"$(inherited)",
					"@executable_path/Frameworks",
					"@loader_path/Frameworks",
				);
				PRODUCT_BUNDLE_IDENTIFIER = "massu-fun.noUseViewUITests";
				PRODUCT_NAME = "$(TARGET_NAME)";
				SWIFT_VERSION = 5.0;
				TARGETED_DEVICE_FAMILY = "1,2";
				TEST_TARGET_NAME = noUseView;
			};
			name = Debug;
		};
		DE75B38824EC3DA000381EED /* Release */ = {
			isa = XCBuildConfiguration;
			buildSettings = {
				ALWAYS_EMBED_SWIFT_STANDARD_LIBRARIES = YES;
				CODE_SIGN_STYLE = Automatic;
				INFOPLIST_FILE = noUseViewUITests/Info.plist;
				LD_RUNPATH_SEARCH_PATHS = (
					"$(inherited)",
					"@executable_path/Frameworks",
					"@loader_path/Frameworks",
				);
				PRODUCT_BUNDLE_IDENTIFIER = "massu-fun.noUseViewUITests";
				PRODUCT_NAME = "$(TARGET_NAME)";
				SWIFT_VERSION = 5.0;
				TARGETED_DEVICE_FAMILY = "1,2";
				TEST_TARGET_NAME = noUseView;
			};
			name = Release;
		};
/* End XCBuildConfiguration section */

/* Begin XCConfigurationList section */
		DE75B35124EC3D9700381EED /* Build configuration list for PBXProject "noUseView" */ = {
			isa = XCConfigurationList;
			buildConfigurations = (
				DE75B37E24EC3DA000381EED /* Debug */,
				DE75B37F24EC3DA000381EED /* Release */,
			);
			defaultConfigurationIsVisible = 0;
			defaultConfigurationName = Release;
		};
		DE75B38024EC3DA000381EED /* Build configuration list for PBXNativeTarget "noUseView" */ = {
			isa = XCConfigurationList;
			buildConfigurations = (
				DE75B38124EC3DA000381EED /* Debug */,
				DE75B38224EC3DA000381EED /* Release */,
			);
			defaultConfigurationIsVisible = 0;
			defaultConfigurationName = Release;
		};
		DE75B38324EC3DA000381EED /* Build configuration list for PBXNativeTarget "noUseViewTests" */ = {
			isa = XCConfigurationList;
			buildConfigurations = (
				DE75B38424EC3DA000381EED /* Debug */,
				DE75B38524EC3DA000381EED /* Release */,
			);
			defaultConfigurationIsVisible = 0;
			defaultConfigurationName = Release;
		};
		DE75B38624EC3DA000381EED /* Build configuration list for PBXNativeTarget "noUseViewUITests" */ = {
			isa = XCConfigurationList;
			buildConfigurations = (
				DE75B38724EC3DA000381EED /* Debug */,
				DE75B38824EC3DA000381EED /* Release */,
			);
			defaultConfigurationIsVisible = 0;
			defaultConfigurationName = Release;
		};
/* End XCConfigurationList section */
	};
	rootObject = DE75B34E24EC3D9700381EED /* Project object */;
}
